
Microsoft Visual Studio Solution File, Format Version 12.00
# Visual Studio Version 17
VisualStudioVersion = 17.2.32519.379
MinimumVisualStudioVersion = 10.0.40219.1
Project("{FAE04EC0-301F-11D3-BF4B-00C04F79EFBC}") = "PAT-ARV COMPUTER  AUTOMATION", "PAT-ARV COMPUTER  AUTOMATION\PAT-ARV COMPUTER  AUTOMATION.csproj", "{2DB6593E-EB6B-44F1-A1F4-56344DAFDB84}"
EndProject
Global
	GlobalSection(SolutionConfigurationPlatforms) = preSolution
		Debug|Any CPU = Debug|Any CPU
		Release|Any CPU = Release|Any CPU
	EndGlobalSection
	GlobalSection(ProjectConfigurationPlatforms) = postSolution
		{2DB6593E-EB6B-44F1-A1F4-56344DAFDB84}.Debug|Any CPU.ActiveCfg = Debug|Any CPU
		{2DB6593E-EB6B-44F1-A1F4-56344DAFDB84}.Debug|Any CPU.Build.0 = Debug|Any CPU
		{2DB6593E-EB6B-44F1-A1F4-56344DAFDB84}.Release|Any CPU.ActiveCfg = Release|Any CPU
		{2DB6593E-EB6B-44F1-A1F4-56344DAFDB84}.Release|Any CPU.Build.0 = Release|Any CPU
	EndGlobalSection
	GlobalSection(SolutionProperties) = preSolution
		HideSolutionNode = FALSE
	EndGlobalSection
	GlobalSection(ExtensibilityGlobals) = postSolution
		SolutionGuid = {DFA4CBAF-1FB0-4B92-8511-7C86145212CA}
	EndGlobalSection
EndGlobal
